
Microsoft Visual Studio Solution File, Format Version 12.00
# Visual Studio Version 17
VisualStudioVersion = 17.2.32616.157
MinimumVisualStudioVersion = 10.0.40219.1
Project("{FAE04EC0-301F-11D3-BF4B-00C04F79EFBC}") = "BurgerWebApp", "BurgerWebApp\BurgerWebApp.csproj", "{8CEAAEC4-83C4-446B-A126-FCC05351FB27}"
EndProject
Global
	GlobalSection(SolutionConfigurationPlatforms) = preSolution
		Debug|Any CPU = Debug|Any CPU
		Release|Any CPU = Release|Any CPU
	EndGlobalSection
	GlobalSection(ProjectConfigurationPlatforms) = postSolution
		{8CEAAEC4-83C4-446B-A126-FCC05351FB27}.Debug|Any CPU.ActiveCfg = Debug|Any CPU
		{8CEAAEC4-83C4-446B-A126-FCC05351FB27}.Debug|Any CPU.Build.0 = Debug|Any CPU
		{8CEAAEC4-83C4-446B-A126-FCC05351FB27}.Release|Any CPU.ActiveCfg = Release|Any CPU
		{8CEAAEC4-83C4-446B-A126-FCC05351FB27}.Release|Any CPU.Build.0 = Release|Any CPU
	EndGlobalSection
	GlobalSection(SolutionProperties) = preSolution
		HideSolutionNode = FALSE
	EndGlobalSection
	GlobalSection(ExtensibilityGlobals) = postSolution
		SolutionGuid = {569DCBEA-1E0C-479B-A37C-EFC57C9F637C}
	EndGlobalSection
EndGlobal
